{
    "name": "practico-interfaz-grafica",
    "version": "1.0.0",
    "lockfileVersion": 3,
    "requires": true,
    "packages": {
        "": {
            "name": "practico-interfaz-grafica",
            "version": "1.0.0",
            "dependencies": {
                "practico-interfaz-grafica": "file:"
            }
        },
        "node_modules/practico-interfaz-grafica": {
            "resolved": "",
            "link": true
        }
    }
}
